
Microsoft Visual Studio Solution File, Format Version 12.00
# Visual Studio Version 17
VisualStudioVersion = 17.10.35004.147
MinimumVisualStudioVersion = 10.0.40219.1
Project("{FAE04EC0-301F-11D3-BF4B-00C04F79EFBC}") = "QuickBooksDev", "QuickBooksDev\QuickBooksDev.csproj", "{EC987DB5-B4B0-4FFB-A3A1-33EE0E4C1546}"
EndProject
Global
	GlobalSection(SolutionConfigurationPlatforms) = preSolution
		Debug|Any CPU = Debug|Any CPU
		Release|Any CPU = Release|Any CPU
	EndGlobalSection
	GlobalSection(ProjectConfigurationPlatforms) = postSolution
		{EC987DB5-B4B0-4FFB-A3A1-33EE0E4C1546}.Debug|Any CPU.ActiveCfg = Debug|Any CPU
		{EC987DB5-B4B0-4FFB-A3A1-33EE0E4C1546}.Debug|Any CPU.Build.0 = Debug|Any CPU
		{EC987DB5-B4B0-4FFB-A3A1-33EE0E4C1546}.Release|Any CPU.ActiveCfg = Release|Any CPU
		{EC987DB5-B4B0-4FFB-A3A1-33EE0E4C1546}.Release|Any CPU.Build.0 = Release|Any CPU
	EndGlobalSection
	GlobalSection(SolutionProperties) = preSolution
		HideSolutionNode = FALSE
	EndGlobalSection
	GlobalSection(ExtensibilityGlobals) = postSolution
		SolutionGuid = {3BDFB02F-1925-42B2-A438-C95CF682BB55}
	EndGlobalSection
EndGlobal
